
Microsoft Visual Studio Solution File, Format Version 12.00
Project("{FAE04EC0-301F-11D3-BF4B-00C04F79EFBC}") = "SaberRandomizer", "SaberRandomizer\SaberRandomizer.csproj", "{4327FF77-B092-472F-A832-E9E696E1894A}"
EndProject
Project("{2150E333-8FDC-42A3-9474-1A3956D46DE8}") = "Solution Items", "Solution Items", "{5475700C-E894-40C1-8515-F41530171A96}"
	ProjectSection(SolutionItems) = preProject
		README.md = README.md
		.gitignore = .gitignore
	EndProjectSection
EndProject
Global
	GlobalSection(SolutionConfigurationPlatforms) = preSolution
		Debug|Any CPU = Debug|Any CPU
		Release|Any CPU = Release|Any CPU
	EndGlobalSection
	GlobalSection(ProjectConfigurationPlatforms) = postSolution
		{4327FF77-B092-472F-A832-E9E696E1894A}.Debug|Any CPU.ActiveCfg = Debug|Any CPU
		{4327FF77-B092-472F-A832-E9E696E1894A}.Debug|Any CPU.Build.0 = Debug|Any CPU
		{4327FF77-B092-472F-A832-E9E696E1894A}.Release|Any CPU.ActiveCfg = Release|Any CPU
		{4327FF77-B092-472F-A832-E9E696E1894A}.Release|Any CPU.Build.0 = Release|Any CPU
	EndGlobalSection
EndGlobal
